
Microsoft Visual Studio Solution File, Format Version 12.00
# Visual Studio Version 17
VisualStudioVersion = 17.14.36121.58 d17.14
MinimumVisualStudioVersion = 10.0.40219.1
Project("{FAE04EC0-301F-11D3-BF4B-00C04F79EFBC}") = "DoctorAppointmentSystem", "DoctorAppointmentSystem\DoctorAppointmentSystem.csproj", "{0FA057DE-2267-4585-9497-FBDA7152EAE0}"
EndProject
Project("{FAE04EC0-301F-11D3-BF4B-00C04F79EFBC}") = "DoctorAppointmentManagementSyatem", "DoctorAppointmentManagementSyatem\DoctorAppointmentManagementSyatem.csproj", "{FFF89A45-4F9A-4EB3-935F-6DAD504C05F4}"
EndProject
Global
	GlobalSection(SolutionConfigurationPlatforms) = preSolution
		Debug|Any CPU = Debug|Any CPU
		Release|Any CPU = Release|Any CPU
	EndGlobalSection
	GlobalSection(ProjectConfigurationPlatforms) = postSolution
		{0FA057DE-2267-4585-9497-FBDA7152EAE0}.Debug|Any CPU.ActiveCfg = Debug|Any CPU
		{0FA057DE-2267-4585-9497-FBDA7152EAE0}.Debug|Any CPU.Build.0 = Debug|Any CPU
		{0FA057DE-2267-4585-9497-FBDA7152EAE0}.Release|Any CPU.ActiveCfg = Release|Any CPU
		{0FA057DE-2267-4585-9497-FBDA7152EAE0}.Release|Any CPU.Build.0 = Release|Any CPU
		{FFF89A45-4F9A-4EB3-935F-6DAD504C05F4}.Debug|Any CPU.ActiveCfg = Debug|Any CPU
		{FFF89A45-4F9A-4EB3-935F-6DAD504C05F4}.Debug|Any CPU.Build.0 = Debug|Any CPU
		{FFF89A45-4F9A-4EB3-935F-6DAD504C05F4}.Release|Any CPU.ActiveCfg = Release|Any CPU
		{FFF89A45-4F9A-4EB3-935F-6DAD504C05F4}.Release|Any CPU.Build.0 = Release|Any CPU
	EndGlobalSection
	GlobalSection(SolutionProperties) = preSolution
		HideSolutionNode = FALSE
	EndGlobalSection
	GlobalSection(ExtensibilityGlobals) = postSolution
		SolutionGuid = {B2ECF31D-E53F-4EFA-9FE3-10731B0D8D00}
	EndGlobalSection
EndGlobal
